
Microsoft Visual Studio Solution File, Format Version 12.00
# Visual Studio Version 17
VisualStudioVersion = 17.0.31903.59
MinimumVisualStudioVersion = 10.0.40219.1
Project("{2150E333-8FDC-42A3-9474-1A3956D46DE8}") = "src", "src", "{827E0CD3-B72D-47B6-A68D-7590B98EB39B}"
EndProject
Project("{FAE04EC0-301F-11D3-BF4B-00C04F79EFBC}") = "TruckFleet.Api", "src\TruckFleet.Api\TruckFleet.Api.csproj", "{F8EE5FAC-7D72-4201-A689-E5206090175C}"
EndProject
Project("{FAE04EC0-301F-11D3-BF4B-00C04F79EFBC}") = "TruckFleet.Application", "src\TruckFleet.Application\TruckFleet.Application.csproj", "{59B7B254-C9A7-442C-A063-5163236E585C}"
EndProject
Project("{FAE04EC0-301F-11D3-BF4B-00C04F79EFBC}") = "TruckFleet.Domain", "src\TruckFleet.Domain\TruckFleet.Domain.csproj", "{2E8502ED-466C-426E-AC2E-4F60EBA650FD}"
EndProject
Project("{FAE04EC0-301F-11D3-BF4B-00C04F79EFBC}") = "TruckFleet.Infrastructure", "src\TruckFleet.Infrastructure\TruckFleet.Infrastructure.csproj", "{B8B9CD60-BB82-46D9-A14D-0B7A3E148DB7}"
EndProject
Project("{2150E333-8FDC-42A3-9474-1A3956D46DE8}") = "tests", "tests", "{0AB3BF05-4346-4AA6-1389-037BE0695223}"
EndProject
Project("{FAE04EC0-301F-11D3-BF4B-00C04F79EFBC}") = "TruckFleet.UnitTests", "tests\TruckFleet.UnitTests\TruckFleet.UnitTests.csproj", "{BAD229F4-CBE8-4F9E-A24C-25B1B73F6008}"
EndProject
Project("{FAE04EC0-301F-11D3-BF4B-00C04F79EFBC}") = "TruckFleet.IntegrationTests", "tests\TruckFleet.IntegrationTests\TruckFleet.IntegrationTests.csproj", "{A096C382-E17D-447B-9D7F-BAFD1CA74C2F}"
EndProject
Global
	GlobalSection(SolutionConfigurationPlatforms) = preSolution
		Debug|Any CPU = Debug|Any CPU
		Debug|x64 = Debug|x64
		Debug|x86 = Debug|x86
		Release|Any CPU = Release|Any CPU
		Release|x64 = Release|x64
		Release|x86 = Release|x86
	EndGlobalSection
	GlobalSection(ProjectConfigurationPlatforms) = postSolution
		{F8EE5FAC-7D72-4201-A689-E5206090175C}.Debug|Any CPU.ActiveCfg = Debug|Any CPU
		{F8EE5FAC-7D72-4201-A689-E5206090175C}.Debug|Any CPU.Build.0 = Debug|Any CPU
		{F8EE5FAC-7D72-4201-A689-E5206090175C}.Debug|x64.ActiveCfg = Debug|Any CPU
		{F8EE5FAC-7D72-4201-A689-E5206090175C}.Debug|x64.Build.0 = Debug|Any CPU
		{F8EE5FAC-7D72-4201-A689-E5206090175C}.Debug|x86.ActiveCfg = Debug|Any CPU
		{F8EE5FAC-7D72-4201-A689-E5206090175C}.Debug|x86.Build.0 = Debug|Any CPU
		{F8EE5FAC-7D72-4201-A689-E5206090175C}.Release|Any CPU.ActiveCfg = Release|Any CPU
		{F8EE5FAC-7D72-4201-A689-E5206090175C}.Release|Any CPU.Build.0 = Release|Any CPU
		{F8EE5FAC-7D72-4201-A689-E5206090175C}.Release|x64.ActiveCfg = Release|Any CPU
		{F8EE5FAC-7D72-4201-A689-E5206090175C}.Release|x64.Build.0 = Release|Any CPU
		{F8EE5FAC-7D72-4201-A689-E5206090175C}.Release|x86.ActiveCfg = Release|Any CPU
		{F8EE5FAC-7D72-4201-A689-E5206090175C}.Release|x86.Build.0 = Release|Any CPU
		{59B7B254-C9A7-442C-A063-5163236E585C}.Debug|Any CPU.ActiveCfg = Debug|Any CPU
		{59B7B254-C9A7-442C-A063-5163236E585C}.Debug|Any CPU.Build.0 = Debug|Any CPU
		{59B7B254-C9A7-442C-A063-5163236E585C}.Debug|x64.ActiveCfg = Debug|Any CPU
		{59B7B254-C9A7-442C-A063-5163236E585C}.Debug|x64.Build.0 = Debug|Any CPU
		{59B7B254-C9A7-442C-A063-5163236E585C}.Debug|x86.ActiveCfg = Debug|Any CPU
		{59B7B254-C9A7-442C-A063-5163236E585C}.Debug|x86.Build.0 = Debug|Any CPU
		{59B7B254-C9A7-442C-A063-5163236E585C}.Release|Any CPU.ActiveCfg = Release|Any CPU
		{59B7B254-C9A7-442C-A063-5163236E585C}.Release|Any CPU.Build.0 = Release|Any CPU
		{59B7B254-C9A7-442C-A063-5163236E585C}.Release|x64.ActiveCfg = Release|Any CPU
		{59B7B254-C9A7-442C-A063-5163236E585C}.Release|x64.Build.0 = Release|Any CPU
		{59B7B254-C9A7-442C-A063-5163236E585C}.Release|x86.ActiveCfg = Release|Any CPU
		{59B7B254-C9A7-442C-A063-5163236E585C}.Release|x86.Build.0 = Release|Any CPU
		{2E8502ED-466C-426E-AC2E-4F60EBA650FD}.Debug|Any CPU.ActiveCfg = Debug|Any CPU
		{2E8502ED-466C-426E-AC2E-4F60EBA650FD}.Debug|Any CPU.Build.0 = Debug|Any CPU
		{2E8502ED-466C-426E-AC2E-4F60EBA650FD}.Debug|x64.ActiveCfg = Debug|Any CPU
		{2E8502ED-466C-426E-AC2E-4F60EBA650FD}.Debug|x64.Build.0 = Debug|Any CPU
		{2E8502ED-466C-426E-AC2E-4F60EBA650FD}.Debug|x86.ActiveCfg = Debug|Any CPU
		{2E8502ED-466C-426E-AC2E-4F60EBA650FD}.Debug|x86.Build.0 = Debug|Any CPU
		{2E8502ED-466C-426E-AC2E-4F60EBA650FD}.Release|Any CPU.ActiveCfg = Release|Any CPU
		{2E8502ED-466C-426E-AC2E-4F60EBA650FD}.Release|Any CPU.Build.0 = Release|Any CPU
		{2E8502ED-466C-426E-AC2E-4F60EBA650FD}.Release|x64.ActiveCfg = Release|Any CPU
		{2E8502ED-466C-426E-AC2E-4F60EBA650FD}.Release|x64.Build.0 = Release|Any CPU
		{2E8502ED-466C-426E-AC2E-4F60EBA650FD}.Release|x86.ActiveCfg = Release|Any CPU
		{2E8502ED-466C-426E-AC2E-4F60EBA650FD}.Release|x86.Build.0 = Release|Any CPU
		{B8B9CD60-BB82-46D9-A14D-0B7A3E148DB7}.Debug|Any CPU.ActiveCfg = Debug|Any CPU
		{B8B9CD60-BB82-46D9-A14D-0B7A3E148DB7}.Debug|Any CPU.Build.0 = Debug|Any CPU
		{B8B9CD60-BB82-46D9-A14D-0B7A3E148DB7}.Debug|x64.ActiveCfg = Debug|Any CPU
		{B8B9CD60-BB82-46D9-A14D-0B7A3E148DB7}.Debug|x64.Build.0 = Debug|Any CPU
		{B8B9CD60-BB82-46D9-A14D-0B7A3E148DB7}.Debug|x86.ActiveCfg = Debug|Any CPU
		{B8B9CD60-BB82-46D9-A14D-0B7A3E148DB7}.Debug|x86.Build.0 = Debug|Any CPU
		{B8B9CD60-BB82-46D9-A14D-0B7A3E148DB7}.Release|Any CPU.ActiveCfg = Release|Any CPU
		{B8B9CD60-BB82-46D9-A14D-0B7A3E148DB7}.Release|Any CPU.Build.0 = Release|Any CPU
		{B8B9CD60-BB82-46D9-A14D-0B7A3E148DB7}.Release|x64.ActiveCfg = Release|Any CPU
		{B8B9CD60-BB82-46D9-A14D-0B7A3E148DB7}.Release|x64.Build.0 = Release|Any CPU
		{B8B9CD60-BB82-46D9-A14D-0B7A3E148DB7}.Release|x86.ActiveCfg = Release|Any CPU
		{B8B9CD60-BB82-46D9-A14D-0B7A3E148DB7}.Release|x86.Build.0 = Release|Any CPU
		{BAD229F4-CBE8-4F9E-A24C-25B1B73F6008}.Debug|Any CPU.ActiveCfg = Debug|Any CPU
		{BAD229F4-CBE8-4F9E-A24C-25B1B73F6008}.Debug|Any CPU.Build.0 = Debug|Any CPU
		{BAD229F4-CBE8-4F9E-A24C-25B1B73F6008}.Debug|x64.ActiveCfg = Debug|Any CPU
		{BAD229F4-CBE8-4F9E-A24C-25B1B73F6008}.Debug|x64.Build.0 = Debug|Any CPU
		{BAD229F4-CBE8-4F9E-A24C-25B1B73F6008}.Debug|x86.ActiveCfg = Debug|Any CPU
		{BAD229F4-CBE8-4F9E-A24C-25B1B73F6008}.Debug|x86.Build.0 = Debug|Any CPU
		{BAD229F4-CBE8-4F9E-A24C-25B1B73F6008}.Release|Any CPU.ActiveCfg = Release|Any CPU
		{BAD229F4-CBE8-4F9E-A24C-25B1B73F6008}.Release|Any CPU.Build.0 = Release|Any CPU
		{BAD229F4-CBE8-4F9E-A24C-25B1B73F6008}.Release|x64.ActiveCfg = Release|Any CPU
		{BAD229F4-CBE8-4F9E-A24C-25B1B73F6008}.Release|x64.Build.0 = Release|Any CPU
		{BAD229F4-CBE8-4F9E-A24C-25B1B73F6008}.Release|x86.ActiveCfg = Release|Any CPU
		{BAD229F4-CBE8-4F9E-A24C-25B1B73F6008}.Release|x86.Build.0 = Release|Any CPU
		{A096C382-E17D-447B-9D7F-BAFD1CA74C2F}.Debug|Any CPU.ActiveCfg = Debug|Any CPU
		{A096C382-E17D-447B-9D7F-BAFD1CA74C2F}.Debug|Any CPU.Build.0 = Debug|Any CPU
		{A096C382-E17D-447B-9D7F-BAFD1CA74C2F}.Debug|x64.ActiveCfg = Debug|Any CPU
		{A096C382-E17D-447B-9D7F-BAFD1CA74C2F}.Debug|x64.Build.0 = Debug|Any CPU
		{A096C382-E17D-447B-9D7F-BAFD1CA74C2F}.Debug|x86.ActiveCfg = Debug|Any CPU
		{A096C382-E17D-447B-9D7F-BAFD1CA74C2F}.Debug|x86.Build.0 = Debug|Any CPU
		{A096C382-E17D-447B-9D7F-BAFD1CA74C2F}.Release|Any CPU.ActiveCfg = Release|Any CPU
		{A096C382-E17D-447B-9D7F-BAFD1CA74C2F}.Release|Any CPU.Build.0 = Release|Any CPU
		{A096C382-E17D-447B-9D7F-BAFD1CA74C2F}.Release|x64.ActiveCfg = Release|Any CPU
		{A096C382-E17D-447B-9D7F-BAFD1CA74C2F}.Release|x64.Build.0 = Release|Any CPU
		{A096C382-E17D-447B-9D7F-BAFD1CA74C2F}.Release|x86.ActiveCfg = Release|Any CPU
		{A096C382-E17D-447B-9D7F-BAFD1CA74C2F}.Release|x86.Build.0 = Release|Any CPU
	EndGlobalSection
	GlobalSection(SolutionProperties) = preSolution
		HideSolutionNode = FALSE
	EndGlobalSection
	GlobalSection(NestedProjects) = preSolution
		{F8EE5FAC-7D72-4201-A689-E5206090175C} = {827E0CD3-B72D-47B6-A68D-7590B98EB39B}
		{59B7B254-C9A7-442C-A063-5163236E585C} = {827E0CD3-B72D-47B6-A68D-7590B98EB39B}
		{2E8502ED-466C-426E-AC2E-4F60EBA650FD} = {827E0CD3-B72D-47B6-A68D-7590B98EB39B}
		{B8B9CD60-BB82-46D9-A14D-0B7A3E148DB7} = {827E0CD3-B72D-47B6-A68D-7590B98EB39B}
		{BAD229F4-CBE8-4F9E-A24C-25B1B73F6008} = {0AB3BF05-4346-4AA6-1389-037BE0695223}
		{A096C382-E17D-447B-9D7F-BAFD1CA74C2F} = {0AB3BF05-4346-4AA6-1389-037BE0695223}
	EndGlobalSection
EndGlobal
